// !$*UTF8*$!
{
	archiveVersion = 1;
	classes = {
	};
	objectVersion = 56;
	objects = {

/* Begin PBXBuildFile section */
		5B1A359C2A0E6C780013F3F2 /* listVideoApp.swift in Sources */ = {isa = PBXBuildFile; fileRef = 5B1A359B2A0E6C780013F3F2 /* listVideoApp.swift */; };
		5B1A359E2A0E6C780013F3F2 /* videoListView.swift in Sources */ = {isa = PBXBuildFile; fileRef = 5B1A359D2A0E6C780013F3F2 /* videoListView.swift */; };
		5B1A35A02A0E6C7A0013F3F2 /* Assets.xcassets in Resources */ = {isa = PBXBuildFile; fileRef = 5B1A359F2A0E6C7A0013F3F2 /* Assets.xcassets */; };
		5B1A35A32A0E6C7A0013F3F2 /* Preview Assets.xcassets in Resources */ = {isa = PBXBuildFile; fileRef = 5B1A35A22A0E6C7A0013F3F2 /* Preview Assets.xcassets */; };
		5B1A35AD2A0E6C7A0013F3F2 /* listVideoTests.swift in Sources */ = {isa = PBXBuildFile; fileRef = 5B1A35AC2A0E6C7A0013F3F2 /* listVideoTests.swift */; };
		5B1A35B72A0E6C7A0013F3F2 /* listVideoUITests.swift in Sources */ = {isa = PBXBuildFile; fileRef = 5B1A35B62A0E6C7A0013F3F2 /* listVideoUITests.swift */; };
		5B1A35B92A0E6C7A0013F3F2 /* listVideoUITestsLaunchTests.swift in Sources */ = {isa = PBXBuildFile; fileRef = 5B1A35B82A0E6C7A0013F3F2 /* listVideoUITestsLaunchTests.swift */; };
		5B1A35C62A0E738F0013F3F2 /* Video.swift in Sources */ = {isa = PBXBuildFile; fileRef = 5B1A35C52A0E738F0013F3F2 /* Video.swift */; };
		5B1A35C82A0E81AE0013F3F2 /* VideoDetailView.swift in Sources */ = {isa = PBXBuildFile; fileRef = 5B1A35C72A0E81AE0013F3F2 /* VideoDetailView.swift */; };
/* End PBXBuildFile section */

/* Begin PBXContainerItemProxy section */
		5B1A35A92A0E6C7A0013F3F2 /* PBXContainerItemProxy */ = {
			isa = PBXContainerItemProxy;
			containerPortal = 5B1A35902A0E6C780013F3F2 /* Project object */;
			proxyType = 1;
			remoteGlobalIDString = 5B1A35972A0E6C780013F3F2;
			remoteInfo = listVideo;
		};
		5B1A35B32A0E6C7A0013F3F2 /* PBXContainerItemProxy */ = {
			isa = PBXContainerItemProxy;
			containerPortal = 5B1A35902A0E6C780013F3F2 /* Project object */;
			proxyType = 1;
			remoteGlobalIDString = 5B1A35972A0E6C780013F3F2;
			remoteInfo = listVideo;
		};
/* End PBXContainerItemProxy section */

/* Begin PBXFileReference section */
		5B1A35982A0E6C780013F3F2 /* listVideo.app */ = {isa = PBXFileReference; explicitFileType = wrapper.application; includeInIndex = 0; path = listVideo.app; sourceTree = BUILT_PRODUCTS_DIR; };
		5B1A359B2A0E6C780013F3F2 /* listVideoApp.swift */ = {isa = PBXFileReference; lastKnownFileType = sourcecode.swift; path = listVideoApp.swift; sourceTree = "<group>"; };
		5B1A359D2A0E6C780013F3F2 /* videoListView.swift */ = {isa = PBXFileReference; lastKnownFileType = sourcecode.swift; path = videoListView.swift; sourceTree = "<group>"; };
		5B1A359F2A0E6C7A0013F3F2 /* Assets.xcassets */ = {isa = PBXFileReference; lastKnownFileType = folder.assetcatalog; path = Assets.xcassets; sourceTree = "<group>"; };
		5B1A35A22A0E6C7A0013F3F2 /* Preview Assets.xcassets */ = {isa = PBXFileReference; lastKnownFileType = folder.assetcatalog; path = "Preview Assets.xcassets"; sourceTree = "<group>"; };
		5B1A35A82A0E6C7A0013F3F2 /* listVideoTests.xctest */ = {isa = PBXFileReference; explicitFileType = wrapper.cfbundle; includeInIndex = 0; path = listVideoTests.xctest; sourceTree = BUILT_PRODUCTS_DIR; };
		5B1A35AC2A0E6C7A0013F3F2 /* listVideoTests.swift */ = {isa = PBXFileReference; lastKnownFileType = sourcecode.swift; path = listVideoTests.swift; sourceTree = "<group>"; };
		5B1A35B22A0E6C7A0013F3F2 /* listVideoUITests.xctest */ = {isa = PBXFileReference; explicitFileType = wrapper.cfbundle; includeInIndex = 0; path = listVideoUITests.xctest; sourceTree = BUILT_PRODUCTS_DIR; };
		5B1A35B62A0E6C7A0013F3F2 /* listVideoUITests.swift */ = {isa = PBXFileReference; lastKnownFileType = sourcecode.swift; path = listVideoUITests.swift; sourceTree = "<group>"; };
		5B1A35B82A0E6C7A0013F3F2 /* listVideoUITestsLaunchTests.swift */ = {isa = PBXFileReference; lastKnownFileType = sourcecode.swift; path = listVideoUITestsLaunchTests.swift; sourceTree = "<group>"; };
		5B1A35C52A0E738F0013F3F2 /* Video.swift */ = {isa = PBXFileReference; lastKnownFileType = sourcecode.swift; path = Video.swift; sourceTree = "<group>"; };
		5B1A35C72A0E81AE0013F3F2 /* VideoDetailView.swift */ = {isa = PBXFileReference; lastKnownFileType = sourcecode.swift; path = VideoDetailView.swift; sourceTree = "<group>"; };
/* End PBXFileReference section */

/* Begin PBXFrameworksBuildPhase section */
		5B1A35952A0E6C780013F3F2 /* Frameworks */ = {
			isa = PBXFrameworksBuildPhase;
			buildActionMask = 2147483647;
			files = (
			);
			runOnlyForDeploymentPostprocessing = 0;
		};
		5B1A35A52A0E6C7A0013F3F2 /* Frameworks */ = {
			isa = PBXFrameworksBuildPhase;
			buildActionMask = 2147483647;
			files = (
			);
			runOnlyForDeploymentPostprocessing = 0;
		};
		5B1A35AF2A0E6C7A0013F3F2 /* Frameworks */ = {
			isa = PBXFrameworksBuildPhase;
			buildActionMask = 2147483647;
			files = (
			);
			runOnlyForDeploymentPostprocessing = 0;
		};
/* End PBXFrameworksBuildPhase section */

/* Begin PBXGroup section */
		5B1A358F2A0E6C780013F3F2 = {
			isa = PBXGroup;
			children = (
				5B1A359A2A0E6C780013F3F2 /* listVideo */,
				5B1A35AB2A0E6C7A0013F3F2 /* listVideoTests */,
				5B1A35B52A0E6C7A0013F3F2 /* listVideoUITests */,
				5B1A35992A0E6C780013F3F2 /* Products */,
			);
			sourceTree = "<group>";
		};
		5B1A35992A0E6C780013F3F2 /* Products */ = {
			isa = PBXGroup;
			children = (
				5B1A35982A0E6C780013F3F2 /* listVideo.app */,
				5B1A35A82A0E6C7A0013F3F2 /* listVideoTests.xctest */,
				5B1A35B22A0E6C7A0013F3F2 /* listVideoUITests.xctest */,
			);
			name = Products;
			sourceTree = "<group>";
		};
		5B1A359A2A0E6C780013F3F2 /* listVideo */ = {
			isa = PBXGroup;
			children = (
				5B1A359B2A0E6C780013F3F2 /* listVideoApp.swift */,
				5B1A35C52A0E738F0013F3F2 /* Video.swift */,
				5B1A359D2A0E6C780013F3F2 /* videoListView.swift */,
				5B1A35C72A0E81AE0013F3F2 /* VideoDetailView.swift */,
				5B1A359F2A0E6C7A0013F3F2 /* Assets.xcassets */,
				5B1A35A12A0E6C7A0013F3F2 /* Preview Content */,
			);
			path = listVideo;
			sourceTree = "<group>";
		};
		5B1A35A12A0E6C7A0013F3F2 /* Preview Content */ = {
			isa = PBXGroup;
			children = (
				5B1A35A22A0E6C7A0013F3F2 /* Preview Assets.xcassets */,
			);
			path = "Preview Content";
			sourceTree = "<group>";
		};
		5B1A35AB2A0E6C7A0013F3F2 /* listVideoTests */ = {
			isa = PBXGroup;
			children = (
				5B1A35AC2A0E6C7A0013F3F2 /* listVideoTests.swift */,
			);
			path = listVideoTests;
			sourceTree = "<group>";
		};
		5B1A35B52A0E6C7A0013F3F2 /* listVideoUITests */ = {
			isa = PBXGroup;
			children = (
				5B1A35B62A0E6C7A0013F3F2 /* listVideoUITests.swift */,
				5B1A35B82A0E6C7A0013F3F2 /* listVideoUITestsLaunchTests.swift */,
			);
			path = listVideoUITests;
			sourceTree = "<group>";
		};
/* End PBXGroup section */

/* Begin PBXNativeTarget section */
		5B1A35972A0E6C780013F3F2 /* listVideo */ = {
			isa = PBXNativeTarget;
			buildConfigurationList = 5B1A35BC2A0E6C7A0013F3F2 /* Build configuration list for PBXNativeTarget "listVideo" */;
			buildPhases = (
				5B1A35942A0E6C780013F3F2 /* Sources */,
				5B1A35952A0E6C780013F3F2 /* Frameworks */,
				5B1A35962A0E6C780013F3F2 /* Resources */,
			);
			buildRules = (
			);
			dependencies = (
			);
			name = listVideo;
			productName = listVideo;
			productReference = 5B1A35982A0E6C780013F3F2 /* listVideo.app */;
			productType = "com.apple.product-type.application";
		};
		5B1A35A72A0E6C7A0013F3F2 /* listVideoTests */ = {
			isa = PBXNativeTarget;
			buildConfigurationList = 5B1A35BF2A0E6C7A0013F3F2 /* Build configuration list for PBXNativeTarget "listVideoTests" */;
			buildPhases = (
				5B1A35A42A0E6C7A0013F3F2 /* Sources */,
				5B1A35A52A0E6C7A0013F3F2 /* Frameworks */,
				5B1A35A62A0E6C7A0013F3F2 /* Resources */,
			);
			buildRules = (
			);
			dependencies = (
				5B1A35AA2A0E6C7A0013F3F2 /* PBXTargetDependency */,
			);
			name = listVideoTests;
			productName = listVideoTests;
			productReference = 5B1A35A82A0E6C7A0013F3F2 /* listVideoTests.xctest */;
			productType = "com.apple.product-type.bundle.unit-test";
		};
		5B1A35B12A0E6C7A0013F3F2 /* listVideoUITests */ = {
			isa = PBXNativeTarget;
			buildConfigurationList = 5B1A35C22A0E6C7A0013F3F2 /* Build configuration list for PBXNativeTarget "listVideoUITests" */;
			buildPhases = (
				5B1A35AE2A0E6C7A0013F3F2 /* Sources */,
				5B1A35AF2A0E6C7A0013F3F2 /* Frameworks */,
				5B1A35B02A0E6C7A0013F3F2 /* Resources */,
			);
			buildRules = (
			);
			dependencies = (
				5B1A35B42A0E6C7A0013F3F2 /* PBXTargetDependency */,
			);
			name = listVideoUITests;
			productName = listVideoUITests;
			productReference = 5B1A35B22A0E6C7A0013F3F2 /* listVideoUITests.xctest */;
			productType = "com.apple.product-type.bundle.ui-testing";
		};
/* End PBXNativeTarget section */

/* Begin PBXProject section */
		5B1A35902A0E6C780013F3F2 /* Project object */ = {
			isa = PBXProject;
			attributes = {
				BuildIndependentTargetsInParallel = 1;
				LastSwiftUpdateCheck = 1420;
				LastUpgradeCheck = 1420;
				TargetAttributes = {
					5B1A35972A0E6C780013F3F2 = {
						CreatedOnToolsVersion = 14.2;
					};
					5B1A35A72A0E6C7A0013F3F2 = {
						CreatedOnToolsVersion = 14.2;
						TestTargetID = 5B1A35972A0E6C780013F3F2;
					};
					5B1A35B12A0E6C7A0013F3F2 = {
						CreatedOnToolsVersion = 14.2;
						TestTargetID = 5B1A35972A0E6C780013F3F2;
					};
				};
			};
			buildConfigurationList = 5B1A35932A0E6C780013F3F2 /* Build configuration list for PBXProject "listVideo" */;
			compatibilityVersion = "Xcode 14.0";
			developmentRegion = en;
			hasScannedForEncodings = 0;
			knownRegions = (
				en,
				Base,
			);
			mainGroup = 5B1A358F2A0E6C780013F3F2;
			productRefGroup = 5B1A35992A0E6C780013F3F2 /* Products */;
			projectDirPath = "";
			projectRoot = "";
			targets = (
				5B1A35972A0E6C780013F3F2 /* listVideo */,
				5B1A35A72A0E6C7A0013F3F2 /* listVideoTests */,
				5B1A35B12A0E6C7A0013F3F2 /* listVideoUITests */,
			);
		};
/* End PBXProject section */

/* Begin PBXResourcesBuildPhase section */
		5B1A35962A0E6C780013F3F2 /* Resources */ = {
			isa = PBXResourcesBuildPhase;
			buildActionMask = 2147483647;
			files = (
				5B1A35A32A0E6C7A0013F3F2 /* Preview Assets.xcassets in Resources */,
				5B1A35A02A0E6C7A0013F3F2 /* Assets.xcassets in Resources */,
			);
			runOnlyForDeploymentPostprocessing = 0;
		};
		5B1A35A62A0E6C7A0013F3F2 /* Resources */ = {
			isa = PBXResourcesBuildPhase;
			buildActionMask = 2147483647;
			files = (
			);
			runOnlyForDeploymentPostprocessing = 0;
		};
		5B1A35B02A0E6C7A0013F3F2 /* Resources */ = {
			isa = PBXResourcesBuildPhase;
			buildActionMask = 2147483647;
			files = (
			);
			runOnlyForDeploymentPostprocessing = 0;
		};
/* End PBXResourcesBuildPhase section */

/* Begin PBXSourcesBuildPhase section */
		5B1A35942A0E6C780013F3F2 /* Sources */ = {
			isa = PBXSourcesBuildPhase;
			buildActionMask = 2147483647;
			files = (
				5B1A359E2A0E6C780013F3F2 /* videoListView.swift in Sources */,
				5B1A35C82A0E81AE0013F3F2 /* VideoDetailView.swift in Sources */,
				5B1A35C62A0E738F0013F3F2 /* Video.swift in Sources */,
				5B1A359C2A0E6C780013F3F2 /* listVideoApp.swift in Sources */,
			);
			runOnlyForDeploymentPostprocessing = 0;
		};
		5B1A35A42A0E6C7A0013F3F2 /* Sources */ = {
			isa = PBXSourcesBuildPhase;
			buildActionMask = 2147483647;
			files = (
				5B1A35AD2A0E6C7A0013F3F2 /* listVideoTests.swift in Sources */,
			);
			runOnlyForDeploymentPostprocessing = 0;
		};
		5B1A35AE2A0E6C7A0013F3F2 /* Sources */ = {
			isa = PBXSourcesBuildPhase;
			buildActionMask = 2147483647;
			files = (
				5B1A35B92A0E6C7A0013F3F2 /* listVideoUITestsLaunchTests.swift in Sources */,
				5B1A35B72A0E6C7A0013F3F2 /* listVideoUITests.swift in Sources */,
			);
			runOnlyForDeploymentPostprocessing = 0;
		};
/* End PBXSourcesBuildPhase section */

/* Begin PBXTargetDependency section */
		5B1A35AA2A0E6C7A0013F3F2 /* PBXTargetDependency */ = {
			isa = PBXTargetDependency;
			target = 5B1A35972A0E6C780013F3F2 /* listVideo */;
			targetProxy = 5B1A35A92A0E6C7A0013F3F2 /* PBXContainerItemProxy */;
		};
		5B1A35B42A0E6C7A0013F3F2 /* PBXTargetDependency */ = {
			isa = PBXTargetDependency;
			target = 5B1A35972A0E6C780013F3F2 /* listVideo */;
			targetProxy = 5B1A35B32A0E6C7A0013F3F2 /* PBXContainerItemProxy */;
		};
/* End PBXTargetDependency section */

/* Begin XCBuildConfiguration section */
		5B1A35BA2A0E6C7A0013F3F2 /* Debug */ = {
			isa = XCBuildConfiguration;
			buildSettings = {
				ALWAYS_SEARCH_USER_PATHS = NO;
				CLANG_ANALYZER_NONNULL = YES;
				CLANG_ANALYZER_NUMBER_OBJECT_CONVERSION = YES_AGGRESSIVE;
				CLANG_CXX_LANGUAGE_STANDARD = "gnu++20";
				CLANG_ENABLE_MODULES = YES;
				CLANG_ENABLE_OBJC_ARC = YES;
				CLANG_ENABLE_OBJC_WEAK = YES;
				CLANG_WARN_BLOCK_CAPTURE_AUTORELEASING = YES;
				CLANG_WARN_BOOL_CONVERSION = YES;
				CLANG_WARN_COMMA = YES;
				CLANG_WARN_CONSTANT_CONVERSION = YES;
				CLANG_WARN_DEPRECATED_OBJC_IMPLEMENTATIONS = YES;
				CLANG_WARN_DIRECT_OBJC_ISA_USAGE = YES_ERROR;
				CLANG_WARN_DOCUMENTATION_COMMENTS = YES;
				CLANG_WARN_EMPTY_BODY = YES;
				CLANG_WARN_ENUM_CONVERSION = YES;
				CLANG_WARN_INFINITE_RECURSION = YES;
				CLANG_WARN_INT_CONVERSION = YES;
				CLANG_WARN_NON_LITERAL_NULL_CONVERSION = YES;
				CLANG_WARN_OBJC_IMPLICIT_RETAIN_SELF = YES;
				CLANG_WARN_OBJC_LITERAL_CONVERSION = YES;
				CLANG_WARN_OBJC_ROOT_CLASS = YES_ERROR;
				CLANG_WARN_QUOTED_INCLUDE_IN_FRAMEWORK_HEADER = YES;
				CLANG_WARN_RANGE_LOOP_ANALYSIS = YES;
				CLANG_WARN_STRICT_PROTOTYPES = YES;
				CLANG_WARN_SUSPICIOUS_MOVE = YES;
				CLANG_WARN_UNGUARDED_AVAILABILITY = YES_AGGRESSIVE;
				CLANG_WARN_UNREACHABLE_CODE = YES;
				CLANG_WARN__DUPLICATE_METHOD_MATCH = YES;
				COPY_PHASE_STRIP = NO;
				DEBUG_INFORMATION_FORMAT = dwarf;
				ENABLE_STRICT_OBJC_MSGSEND = YES;
				ENABLE_TESTABILITY = YES;
				GCC_C_LANGUAGE_STANDARD = gnu11;
				GCC_DYNAMIC_NO_PIC = NO;
				GCC_NO_COMMON_BLOCKS = YES;
				GCC_OPTIMIZATION_LEVEL = 0;
				GCC_PREPROCESSOR_DEFINITIONS = (
					"DEBUG=1",
					"$(inherited)",
				);
				GCC_WARN_64_TO_32_BIT_CONVERSION = YES;
				GCC_WARN_ABOUT_RETURN_TYPE = YES_ERROR;
				GCC_WARN_UNDECLARED_SELECTOR = YES;
				GCC_WARN_UNINITIALIZED_AUTOS = YES_AGGRESSIVE;
				GCC_WARN_UNUSED_FUNCTION = YES;
				GCC_WARN_UNUSED_VARIABLE = YES;
				IPHONEOS_DEPLOYMENT_TARGET = 16.2;
				MTL_ENABLE_DEBUG_INFO = INCLUDE_SOURCE;
				MTL_FAST_MATH = YES;
				ONLY_ACTIVE_ARCH = YES;
				SDKROOT = iphoneos;
				SWIFT_ACTIVE_COMPILATION_CONDITIONS = DEBUG;
				SWIFT_OPTIMIZATION_LEVEL = "-Onone";
			};
			name = Debug;
		};
		5B1A35BB2A0E6C7A0013F3F2 /* Release */ = {
			isa = XCBuildConfiguration;
			buildSettings = {
				ALWAYS_SEARCH_USER_PATHS = NO;
				CLANG_ANALYZER_NONNULL = YES;
				CLANG_ANALYZER_NUMBER_OBJECT_CONVERSION = YES_AGGRESSIVE;
				CLANG_CXX_LANGUAGE_STANDARD = "gnu++20";
				CLANG_ENABLE_MODULES = YES;
				CLANG_ENABLE_OBJC_ARC = YES;
				CLANG_ENABLE_OBJC_WEAK = YES;
				CLANG_WARN_BLOCK_CAPTURE_AUTORELEASING = YES;
				CLANG_WARN_BOOL_CONVERSION = YES;
				CLANG_WARN_COMMA = YES;
				CLANG_WARN_CONSTANT_CONVERSION = YES;
				CLANG_WARN_DEPRECATED_OBJC_IMPLEMENTATIONS = YES;
				CLANG_WARN_DIRECT_OBJC_ISA_USAGE = YES_ERROR;
				CLANG_WARN_DOCUMENTATION_COMMENTS = YES;
				CLANG_WARN_EMPTY_BODY = YES;
				CLANG_WARN_ENUM_CONVERSION = YES;
				CLANG_WARN_INFINITE_RECURSION = YES;
				CLANG_WARN_INT_CONVERSION = YES;
				CLANG_WARN_NON_LITERAL_NULL_CONVERSION = YES;
				CLANG_WARN_OBJC_IMPLICIT_RETAIN_SELF = YES;
				CLANG_WARN_OBJC_LITERAL_CONVERSION = YES;
				CLANG_WARN_OBJC_ROOT_CLASS = YES_ERROR;
				CLANG_WARN_QUOTED_INCLUDE_IN_FRAMEWORK_HEADER = YES;
				CLANG_WARN_RANGE_LOOP_ANALYSIS = YES;
				CLANG_WARN_STRICT_PROTOTYPES = YES;
				CLANG_WARN_SUSPICIOUS_MOVE = YES;
				CLANG_WARN_UNGUARDED_AVAILABILITY = YES_AGGRESSIVE;
				CLANG_WARN_UNREACHABLE_CODE = YES;
				CLANG_WARN__DUPLICATE_METHOD_MATCH = YES;
				COPY_PHASE_STRIP = NO;
				DEBUG_INFORMATION_FORMAT = "dwarf-with-dsym";
				ENABLE_NS_ASSERTIONS = NO;
				ENABLE_STRICT_OBJC_MSGSEND = YES;
				GCC_C_LANGUAGE_STANDARD = gnu11;
				GCC_NO_COMMON_BLOCKS = YES;
				GCC_WARN_64_TO_32_BIT_CONVERSION = YES;
				GCC_WARN_ABOUT_RETURN_TYPE = YES_ERROR;
				GCC_WARN_UNDECLARED_SELECTOR = YES;
				GCC_WARN_UNINITIALIZED_AUTOS = YES_AGGRESSIVE;
				GCC_WARN_UNUSED_FUNCTION = YES;
				GCC_WARN_UNUSED_VARIABLE = YES;
				IPHONEOS_DEPLOYMENT_TARGET = 16.2;
				MTL_ENABLE_DEBUG_INFO = NO;
				MTL_FAST_MATH = YES;
				SDKROOT = iphoneos;
				SWIFT_COMPILATION_MODE = wholemodule;
				SWIFT_OPTIMIZATION_LEVEL = "-O";
				VALIDATE_PRODUCT = YES;
			};
			name = Release;
		};
		5B1A35BD2A0E6C7A0013F3F2 /* Debug */ = {
			isa = XCBuildConfiguration;
			buildSettings = {
				ASSETCATALOG_COMPILER_APPICON_NAME = AppIcon;
				ASSETCATALOG_COMPILER_GLOBAL_ACCENT_COLOR_NAME = AccentColor;
				CODE_SIGN_STYLE = Automatic;
				CURRENT_PROJECT_VERSION = 1;
				DEVELOPMENT_ASSET_PATHS = "\"listVideo/Preview Content\"";
				DEVELOPMENT_TEAM = BMBZXVKB64;
				ENABLE_PREVIEWS = YES;
				GENERATE_INFOPLIST_FILE = YES;
				INFOPLIST_KEY_UIApplicationSceneManifest_Generation = YES;
				INFOPLIST_KEY_UIApplicationSupportsIndirectInputEvents = YES;
				INFOPLIST_KEY_UILaunchScreen_Generation = YES;
				INFOPLIST_KEY_UISupportedInterfaceOrientations_iPad = "UIInterfaceOrientationPortrait UIInterfaceOrientationPortraitUpsideDown UIInterfaceOrientationLandscapeLeft UIInterfaceOrientationLandscapeRight";
				INFOPLIST_KEY_UISupportedInterfaceOrientations_iPhone = "UIInterfaceOrientationPortrait UIInterfaceOrientationLandscapeLeft UIInterfaceOrientationLandscapeRight";
				LD_RUNPATH_SEARCH_PATHS = (
					"$(inherited)",
					"@executable_path/Frameworks",
				);
				MARKETING_VERSION = 1.0;
				PRODUCT_BUNDLE_IDENTIFIER = com.wedlec.listVideo;
				PRODUCT_NAME = "$(TARGET_NAME)";
				SWIFT_EMIT_LOC_STRINGS = YES;
				SWIFT_VERSION = 5.0;
				TARGETED_DEVICE_FAMILY = "1,2";
			};
			name = Debug;
		};
		5B1A35BE2A0E6C7A0013F3F2 /* Release */ = {
			isa = XCBuildConfiguration;
			buildSettings = {
				ASSETCATALOG_COMPILER_APPICON_NAME = AppIcon;
				ASSETCATALOG_COMPILER_GLOBAL_ACCENT_COLOR_NAME = AccentColor;
				CODE_SIGN_STYLE = Automatic;
				CURRENT_PROJECT_VERSION = 1;
				DEVELOPMENT_ASSET_PATHS = "\"listVideo/Preview Content\"";
				DEVELOPMENT_TEAM = BMBZXVKB64;
				ENABLE_PREVIEWS = YES;
				GENERATE_INFOPLIST_FILE = YES;
				INFOPLIST_KEY_UIApplicationSceneManifest_Generation = YES;
				INFOPLIST_KEY_UIApplicationSupportsIndirectInputEvents = YES;
				INFOPLIST_KEY_UILaunchScreen_Generation = YES;
				INFOPLIST_KEY_UISupportedInterfaceOrientations_iPad = "UIInterfaceOrientationPortrait UIInterfaceOrientationPortraitUpsideDown UIInterfaceOrientationLandscapeLeft UIInterfaceOrientationLandscapeRight";
				INFOPLIST_KEY_UISupportedInterfaceOrientations_iPhone = "UIInterfaceOrientationPortrait UIInterfaceOrientationLandscapeLeft UIInterfaceOrientationLandscapeRight";
				LD_RUNPATH_SEARCH_PATHS = (
					"$(inherited)",
					"@executable_path/Frameworks",
				);
				MARKETING_VERSION = 1.0;
				PRODUCT_BUNDLE_IDENTIFIER = com.wedlec.listVideo;
				PRODUCT_NAME = "$(TARGET_NAME)";
				SWIFT_EMIT_LOC_STRINGS = YES;
				SWIFT_VERSION = 5.0;
				TARGETED_DEVICE_FAMILY = "1,2";
			};
			name = Release;
		};
		5B1A35C02A0E6C7A0013F3F2 /* Debug */ = {
			isa = XCBuildConfiguration;
			buildSettings = {
				ALWAYS_EMBED_SWIFT_STANDARD_LIBRARIES = YES;
				BUNDLE_LOADER = "$(TEST_HOST)";
				CODE_SIGN_STYLE = Automatic;
				CURRENT_PROJECT_VERSION = 1;
				DEVELOPMENT_TEAM = BMBZXVKB64;
				GENERATE_INFOPLIST_FILE = YES;
				IPHONEOS_DEPLOYMENT_TARGET = 16.2;
				MARKETING_VERSION = 1.0;
				PRODUCT_BUNDLE_IDENTIFIER = com.wedlec.listVideoTests;
				PRODUCT_NAME = "$(TARGET_NAME)";
				SWIFT_EMIT_LOC_STRINGS = NO;
				SWIFT_VERSION = 5.0;
				TARGETED_DEVICE_FAMILY = "1,2";
				TEST_HOST = "$(BUILT_PRODUCTS_DIR)/listVideo.app/$(BUNDLE_EXECUTABLE_FOLDER_PATH)/listVideo";
			};
			name = Debug;
		};
		5B1A35C12A0E6C7A0013F3F2 /* Release */ = {
			isa = XCBuildConfiguration;
			buildSettings = {
				ALWAYS_EMBED_SWIFT_STANDARD_LIBRARIES = YES;
				BUNDLE_LOADER = "$(TEST_HOST)";
				CODE_SIGN_STYLE = Automatic;
				CURRENT_PROJECT_VERSION = 1;
				DEVELOPMENT_TEAM = BMBZXVKB64;
				GENERATE_INFOPLIST_FILE = YES;
				IPHONEOS_DEPLOYMENT_TARGET = 16.2;
				MARKETING_VERSION = 1.0;
				PRODUCT_BUNDLE_IDENTIFIER = com.wedlec.listVideoTests;
				PRODUCT_NAME = "$(TARGET_NAME)";
				SWIFT_EMIT_LOC_STRINGS = NO;
				SWIFT_VERSION = 5.0;
				TARGETED_DEVICE_FAMILY = "1,2";
				TEST_HOST = "$(BUILT_PRODUCTS_DIR)/listVideo.app/$(BUNDLE_EXECUTABLE_FOLDER_PATH)/listVideo";
			};
			name = Release;
		};
		5B1A35C32A0E6C7A0013F3F2 /* Debug */ = {
			isa = XCBuildConfiguration;
			buildSettings = {
				ALWAYS_EMBED_SWIFT_STANDARD_LIBRARIES = YES;
				CODE_SIGN_STYLE = Automatic;
				CURRENT_PROJECT_VERSION = 1;
				DEVELOPMENT_TEAM = BMBZXVKB64;
				GENERATE_INFOPLIST_FILE = YES;
				MARKETING_VERSION = 1.0;
				PRODUCT_BUNDLE_IDENTIFIER = com.wedlec.listVideoUITests;
				PRODUCT_NAME = "$(TARGET_NAME)";
				SWIFT_EMIT_LOC_STRINGS = NO;
				SWIFT_VERSION = 5.0;
				TARGETED_DEVICE_FAMILY = "1,2";
				TEST_TARGET_NAME = listVideo;
			};
			name = Debug;
		};
		5B1A35C42A0E6C7A0013F3F2 /* Release */ = {
			isa = XCBuildConfiguration;
			buildSettings = {
				ALWAYS_EMBED_SWIFT_STANDARD_LIBRARIES = YES;
				CODE_SIGN_STYLE = Automatic;
				CURRENT_PROJECT_VERSION = 1;
				DEVELOPMENT_TEAM = BMBZXVKB64;
				GENERATE_INFOPLIST_FILE = YES;
				MARKETING_VERSION = 1.0;
				PRODUCT_BUNDLE_IDENTIFIER = com.wedlec.listVideoUITests;
				PRODUCT_NAME = "$(TARGET_NAME)";
				SWIFT_EMIT_LOC_STRINGS = NO;
				SWIFT_VERSION = 5.0;
				TARGETED_DEVICE_FAMILY = "1,2";
				TEST_TARGET_NAME = listVideo;
			};
			name = Release;
		};
/* End XCBuildConfiguration section */

/* Begin XCConfigurationList section */
		5B1A35932A0E6C780013F3F2 /* Build configuration list for PBXProject "listVideo" */ = {
			isa = XCConfigurationList;
			buildConfigurations = (
				5B1A35BA2A0E6C7A0013F3F2 /* Debug */,
				5B1A35BB2A0E6C7A0013F3F2 /* Release */,
			);
			defaultConfigurationIsVisible = 0;
			defaultConfigurationName = Release;
		};
		5B1A35BC2A0E6C7A0013F3F2 /* Build configuration list for PBXNativeTarget "listVideo" */ = {
			isa = XCConfigurationList;
			buildConfigurations = (
				5B1A35BD2A0E6C7A0013F3F2 /* Debug */,
				5B1A35BE2A0E6C7A0013F3F2 /* Release */,
			);
			defaultConfigurationIsVisible = 0;
			defaultConfigurationName = Release;
		};
		5B1A35BF2A0E6C7A0013F3F2 /* Build configuration list for PBXNativeTarget "listVideoTests" */ = {
			isa = XCConfigurationList;
			buildConfigurations = (
				5B1A35C02A0E6C7A0013F3F2 /* Debug */,
				5B1A35C12A0E6C7A0013F3F2 /* Release */,
			);
			defaultConfigurationIsVisible = 0;
			defaultConfigurationName = Release;
		};
		5B1A35C22A0E6C7A0013F3F2 /* Build configuration list for PBXNativeTarget "listVideoUITests" */ = {
			isa = XCConfigurationList;
			buildConfigurations = (
				5B1A35C32A0E6C7A0013F3F2 /* Debug */,
				5B1A35C42A0E6C7A0013F3F2 /* Release */,
			);
			defaultConfigurationIsVisible = 0;
			defaultConfigurationName = Release;
		};
/* End XCConfigurationList section */
	};
	rootObject = 5B1A35902A0E6C780013F3F2 /* Project object */;
}
